// !$*UTF8*$!
{
	archiveVersion = 1;
	classes = {
	};
	objectVersion = 46;
	objects = {

/* Begin PBXBuildFile section */
		142D303418AAFCE50072AC37 /* Foundation.framework in Frameworks */ = {isa = PBXBuildFile; fileRef = 142D303318AAFCE50072AC37 /* Foundation.framework */; };
		142D303918AAFCE50072AC37 /* ESPMaskedTextField.h in CopyFiles */ = {isa = PBXBuildFile; fileRef = 142D303818AAFCE50072AC37 /* ESPMaskedTextField.h */; };
		142D303B18AAFCE50072AC37 /* ESPMaskedTextField.m in Sources */ = {isa = PBXBuildFile; fileRef = 142D303A18AAFCE50072AC37 /* ESPMaskedTextField.m */; };
		142D304218AAFCE50072AC37 /* XCTest.framework in Frameworks */ = {isa = PBXBuildFile; fileRef = 142D304118AAFCE50072AC37 /* XCTest.framework */; };
		142D304318AAFCE50072AC37 /* Foundation.framework in Frameworks */ = {isa = PBXBuildFile; fileRef = 142D303318AAFCE50072AC37 /* Foundation.framework */; };
		142D304518AAFCE50072AC37 /* UIKit.framework in Frameworks */ = {isa = PBXBuildFile; fileRef = 142D304418AAFCE50072AC37 /* UIKit.framework */; };
		142D304818AAFCE50072AC37 /* libESPMaskedTextField.a in Frameworks */ = {isa = PBXBuildFile; fileRef = 142D303018AAFCE50072AC37 /* libESPMaskedTextField.a */; };
		142D304E18AAFCE50072AC37 /* InfoPlist.strings in Resources */ = {isa = PBXBuildFile; fileRef = 142D304C18AAFCE50072AC37 /* InfoPlist.strings */; };
		142D305018AAFCE50072AC37 /* ESPMaskedTextFieldTests.m in Sources */ = {isa = PBXBuildFile; fileRef = 142D304F18AAFCE50072AC37 /* ESPMaskedTextFieldTests.m */; };
/* End PBXBuildFile section */

/* Begin PBXContainerItemProxy section */
		142D304618AAFCE50072AC37 /* PBXContainerItemProxy */ = {
			isa = PBXContainerItemProxy;
			containerPortal = 142D302818AAFCE50072AC37 /* Project object */;
			proxyType = 1;
			remoteGlobalIDString = 142D302F18AAFCE50072AC37;
			remoteInfo = ESPMaskedTextField;
		};
/* End PBXContainerItemProxy section */

/* Begin PBXCopyFilesBuildPhase section */
		142D302E18AAFCE50072AC37 /* CopyFiles */ = {
			isa = PBXCopyFilesBuildPhase;
			buildActionMask = 2147483647;
			dstPath = "include/$(PRODUCT_NAME)";
			dstSubfolderSpec = 16;
			files = (
				142D303918AAFCE50072AC37 /* ESPMaskedTextField.h in CopyFiles */,
			);
			runOnlyForDeploymentPostprocessing = 0;
		};
/* End PBXCopyFilesBuildPhase section */

/* Begin PBXFileReference section */
		142D303018AAFCE50072AC37 /* libESPMaskedTextField.a */ = {isa = PBXFileReference; explicitFileType = archive.ar; includeInIndex = 0; path = libESPMaskedTextField.a; sourceTree = BUILT_PRODUCTS_DIR; };
		142D303318AAFCE50072AC37 /* Foundation.framework */ = {isa = PBXFileReference; lastKnownFileType = wrapper.framework; name = Foundation.framework; path = System/Library/Frameworks/Foundation.framework; sourceTree = SDKROOT; };
		142D303718AAFCE50072AC37 /* ESPMaskedTextField-Prefix.pch */ = {isa = PBXFileReference; lastKnownFileType = sourcecode.c.h; path = "ESPMaskedTextField-Prefix.pch"; sourceTree = "<group>"; };
		142D303818AAFCE50072AC37 /* ESPMaskedTextField.h */ = {isa = PBXFileReference; lastKnownFileType = sourcecode.c.h; path = ESPMaskedTextField.h; sourceTree = "<group>"; };
		142D303A18AAFCE50072AC37 /* ESPMaskedTextField.m */ = {isa = PBXFileReference; lastKnownFileType = sourcecode.c.objc; path = ESPMaskedTextField.m; sourceTree = "<group>"; };
		142D304018AAFCE50072AC37 /* ESPMaskedTextFieldTests.xctest */ = {isa = PBXFileReference; explicitFileType = wrapper.cfbundle; includeInIndex = 0; path = ESPMaskedTextFieldTests.xctest; sourceTree = BUILT_PRODUCTS_DIR; };
		142D304118AAFCE50072AC37 /* XCTest.framework */ = {isa = PBXFileReference; lastKnownFileType = wrapper.framework; name = XCTest.framework; path = Library/Frameworks/XCTest.framework; sourceTree = DEVELOPER_DIR; };
		142D304418AAFCE50072AC37 /* UIKit.framework */ = {isa = PBXFileReference; lastKnownFileType = wrapper.framework; name = UIKit.framework; path = Library/Frameworks/UIKit.framework; sourceTree = DEVELOPER_DIR; };
		142D304B18AAFCE50072AC37 /* ESPMaskedTextFieldTests-Info.plist */ = {isa = PBXFileReference; lastKnownFileType = text.plist.xml; path = "ESPMaskedTextFieldTests-Info.plist"; sourceTree = "<group>"; };
		142D304D18AAFCE50072AC37 /* en */ = {isa = PBXFileReference; lastKnownFileType = text.plist.strings; name = en; path = en.lproj/InfoPlist.strings; sourceTree = "<group>"; };
		142D304F18AAFCE50072AC37 /* ESPMaskedTextFieldTests.m */ = {isa = PBXFileReference; lastKnownFileType = sourcecode.c.objc; path = ESPMaskedTextFieldTests.m; sourceTree = "<group>"; };
/* End PBXFileReference section */

/* Begin PBXFrameworksBuildPhase section */
		142D302D18AAFCE50072AC37 /* Frameworks */ = {
			isa = PBXFrameworksBuildPhase;
			buildActionMask = 2147483647;
			files = (
				142D303418AAFCE50072AC37 /* Foundation.framework in Frameworks */,
			);
			runOnlyForDeploymentPostprocessing = 0;
		};
		142D303D18AAFCE50072AC37 /* Frameworks */ = {
			isa = PBXFrameworksBuildPhase;
			buildActionMask = 2147483647;
			files = (
				142D304218AAFCE50072AC37 /* XCTest.framework in Frameworks */,
				142D304518AAFCE50072AC37 /* UIKit.framework in Frameworks */,
				142D304318AAFCE50072AC37 /* Foundation.framework in Frameworks */,
				142D304818AAFCE50072AC37 /* libESPMaskedTextField.a in Frameworks */,
			);
			runOnlyForDeploymentPostprocessing = 0;
		};
/* End PBXFrameworksBuildPhase section */

/* Begin PBXGroup section */
		142D302718AAFCE50072AC37 = {
			isa = PBXGroup;
			children = (
				142D303518AAFCE50072AC37 /* ESPMaskedTextField */,
				142D304918AAFCE50072AC37 /* ESPMaskedTextFieldTests */,
				142D303218AAFCE50072AC37 /* Frameworks */,
				142D303118AAFCE50072AC37 /* Products */,
			);
			sourceTree = "<group>";
		};
		142D303118AAFCE50072AC37 /* Products */ = {
			isa = PBXGroup;
			children = (
				142D303018AAFCE50072AC37 /* libESPMaskedTextField.a */,
				142D304018AAFCE50072AC37 /* ESPMaskedTextFieldTests.xctest */,
			);
			name = Products;
			sourceTree = "<group>";
		};
		142D303218AAFCE50072AC37 /* Frameworks */ = {
			isa = PBXGroup;
			children = (
				142D303318AAFCE50072AC37 /* Foundation.framework */,
				142D304118AAFCE50072AC37 /* XCTest.framework */,
				142D304418AAFCE50072AC37 /* UIKit.framework */,
			);
			name = Frameworks;
			sourceTree = "<group>";
		};
		142D303518AAFCE50072AC37 /* ESPMaskedTextField */ = {
			isa = PBXGroup;
			children = (
				142D303818AAFCE50072AC37 /* ESPMaskedTextField.h */,
				142D303A18AAFCE50072AC37 /* ESPMaskedTextField.m */,
				142D303618AAFCE50072AC37 /* Supporting Files */,
			);
			path = ESPMaskedTextField;
			sourceTree = "<group>";
		};
		142D303618AAFCE50072AC37 /* Supporting Files */ = {
			isa = PBXGroup;
			children = (
				142D303718AAFCE50072AC37 /* ESPMaskedTextField-Prefix.pch */,
			);
			name = "Supporting Files";
			sourceTree = "<group>";
		};
		142D304918AAFCE50072AC37 /* ESPMaskedTextFieldTests */ = {
			isa = PBXGroup;
			children = (
				142D304F18AAFCE50072AC37 /* ESPMaskedTextFieldTests.m */,
				142D304A18AAFCE50072AC37 /* Supporting Files */,
			);
			path = ESPMaskedTextFieldTests;
			sourceTree = "<group>";
		};
		142D304A18AAFCE50072AC37 /* Supporting Files */ = {
			isa = PBXGroup;
			children = (
				142D304B18AAFCE50072AC37 /* ESPMaskedTextFieldTests-Info.plist */,
				142D304C18AAFCE50072AC37 /* InfoPlist.strings */,
			);
			name = "Supporting Files";
			sourceTree = "<group>";
		};
/* End PBXGroup section */

/* Begin PBXNativeTarget section */
		142D302F18AAFCE50072AC37 /* ESPMaskedTextField */ = {
			isa = PBXNativeTarget;
			buildConfigurationList = 142D305318AAFCE50072AC37 /* Build configuration list for PBXNativeTarget "ESPMaskedTextField" */;
			buildPhases = (
				142D302C18AAFCE50072AC37 /* Sources */,
				142D302D18AAFCE50072AC37 /* Frameworks */,
				142D302E18AAFCE50072AC37 /* CopyFiles */,
			);
			buildRules = (
			);
			dependencies = (
			);
			name = ESPMaskedTextField;
			productName = ESPMaskedTextField;
			productReference = 142D303018AAFCE50072AC37 /* libESPMaskedTextField.a */;
			productType = "com.apple.product-type.library.static";
		};
		142D303F18AAFCE50072AC37 /* ESPMaskedTextFieldTests */ = {
			isa = PBXNativeTarget;
			buildConfigurationList = 142D305618AAFCE50072AC37 /* Build configuration list for PBXNativeTarget "ESPMaskedTextFieldTests" */;
			buildPhases = (
				142D303C18AAFCE50072AC37 /* Sources */,
				142D303D18AAFCE50072AC37 /* Frameworks */,
				142D303E18AAFCE50072AC37 /* Resources */,
			);
			buildRules = (
			);
			dependencies = (
				142D304718AAFCE50072AC37 /* PBXTargetDependency */,
			);
			name = ESPMaskedTextFieldTests;
			productName = ESPMaskedTextFieldTests;
			productReference = 142D304018AAFCE50072AC37 /* ESPMaskedTextFieldTests.xctest */;
			productType = "com.apple.product-type.bundle.unit-test";
		};
/* End PBXNativeTarget section */

/* Begin PBXProject section */
		142D302818AAFCE50072AC37 /* Project object */ = {
			isa = PBXProject;
			attributes = {
				LastUpgradeCheck = 0500;
				ORGANIZATIONNAME = "André Gustavo Espeiorin";
			};
			buildConfigurationList = 142D302B18AAFCE50072AC37 /* Build configuration list for PBXProject "ESPMaskedTextField" */;
			compatibilityVersion = "Xcode 3.2";
			developmentRegion = English;
			hasScannedForEncodings = 0;
			knownRegions = (
				en,
			);
			mainGroup = 142D302718AAFCE50072AC37;
			productRefGroup = 142D303118AAFCE50072AC37 /* Products */;
			projectDirPath = "";
			projectRoot = "";
			targets = (
				142D302F18AAFCE50072AC37 /* ESPMaskedTextField */,
				142D303F18AAFCE50072AC37 /* ESPMaskedTextFieldTests */,
			);
		};
/* End PBXProject section */

/* Begin PBXResourcesBuildPhase section */
		142D303E18AAFCE50072AC37 /* Resources */ = {
			isa = PBXResourcesBuildPhase;
			buildActionMask = 2147483647;
			files = (
				142D304E18AAFCE50072AC37 /* InfoPlist.strings in Resources */,
			);
			runOnlyForDeploymentPostprocessing = 0;
		};
/* End PBXResourcesBuildPhase section */

/* Begin PBXSourcesBuildPhase section */
		142D302C18AAFCE50072AC37 /* Sources */ = {
			isa = PBXSourcesBuildPhase;
			buildActionMask = 2147483647;
			files = (
				142D303B18AAFCE50072AC37 /* ESPMaskedTextField.m in Sources */,
			);
			runOnlyForDeploymentPostprocessing = 0;
		};
		142D303C18AAFCE50072AC37 /* Sources */ = {
			isa = PBXSourcesBuildPhase;
			buildActionMask = 2147483647;
			files = (
				142D305018AAFCE50072AC37 /* ESPMaskedTextFieldTests.m in Sources */,
			);
			runOnlyForDeploymentPostprocessing = 0;
		};
/* End PBXSourcesBuildPhase section */

/* Begin PBXTargetDependency section */
		142D304718AAFCE50072AC37 /* PBXTargetDependency */ = {
			isa = PBXTargetDependency;
			target = 142D302F18AAFCE50072AC37 /* ESPMaskedTextField */;
			targetProxy = 142D304618AAFCE50072AC37 /* PBXContainerItemProxy */;
		};
/* End PBXTargetDependency section */

/* Begin PBXVariantGroup section */
		142D304C18AAFCE50072AC37 /* InfoPlist.strings */ = {
			isa = PBXVariantGroup;
			children = (
				142D304D18AAFCE50072AC37 /* en */,
			);
			name = InfoPlist.strings;
			sourceTree = "<group>";
		};
/* End PBXVariantGroup section */

/* Begin XCBuildConfiguration section */
		142D305118AAFCE50072AC37 /* Debug */ = {
			isa = XCBuildConfiguration;
			buildSettings = {
				ALWAYS_SEARCH_USER_PATHS = NO;
				ARCHS = "$(ARCHS_STANDARD_INCLUDING_64_BIT)";
				CLANG_CXX_LANGUAGE_STANDARD = "gnu++0x";
				CLANG_CXX_LIBRARY = "libc++";
				CLANG_ENABLE_MODULES = YES;
				CLANG_ENABLE_OBJC_ARC = YES;
				CLANG_WARN_BOOL_CONVERSION = YES;
				CLANG_WARN_CONSTANT_CONVERSION = YES;
				CLANG_WARN_DIRECT_OBJC_ISA_USAGE = YES_ERROR;
				CLANG_WARN_EMPTY_BODY = YES;
				CLANG_WARN_ENUM_CONVERSION = YES;
				CLANG_WARN_INT_CONVERSION = YES;
				CLANG_WARN_OBJC_ROOT_CLASS = YES_ERROR;
				CLANG_WARN__DUPLICATE_METHOD_MATCH = YES;
				COPY_PHASE_STRIP = NO;
				GCC_C_LANGUAGE_STANDARD = gnu99;
				GCC_DYNAMIC_NO_PIC = NO;
				GCC_OPTIMIZATION_LEVEL = 0;
				GCC_PREPROCESSOR_DEFINITIONS = (
					"DEBUG=1",
					"$(inherited)",
				);
				GCC_SYMBOLS_PRIVATE_EXTERN = NO;
				GCC_WARN_64_TO_32_BIT_CONVERSION = YES;
				GCC_WARN_ABOUT_RETURN_TYPE = YES_ERROR;
				GCC_WARN_UNDECLARED_SELECTOR = YES;
				GCC_WARN_UNINITIALIZED_AUTOS = YES;
				GCC_WARN_UNUSED_FUNCTION = YES;
				GCC_WARN_UNUSED_VARIABLE = YES;
				IPHONEOS_DEPLOYMENT_TARGET = 7.0;
				ONLY_ACTIVE_ARCH = YES;
				SDKROOT = iphoneos;
			};
			name = Debug;
		};
		142D305218AAFCE50072AC37 /* Release */ = {
			isa = XCBuildConfiguration;
			buildSettings = {
				ALWAYS_SEARCH_USER_PATHS = NO;
				ARCHS = "$(ARCHS_STANDARD_INCLUDING_64_BIT)";
				CLANG_CXX_LANGUAGE_STANDARD = "gnu++0x";
				CLANG_CXX_LIBRARY = "libc++";
				CLANG_ENABLE_MODULES = YES;
				CLANG_ENABLE_OBJC_ARC = YES;
				CLANG_WARN_BOOL_CONVERSION = YES;
				CLANG_WARN_CONSTANT_CONVERSION = YES;
				CLANG_WARN_DIRECT_OBJC_ISA_USAGE = YES_ERROR;
				CLANG_WARN_EMPTY_BODY = YES;
				CLANG_WARN_ENUM_CONVERSION = YES;
				CLANG_WARN_INT_CONVERSION = YES;
				CLANG_WARN_OBJC_ROOT_CLASS = YES_ERROR;
				CLANG_WARN__DUPLICATE_METHOD_MATCH = YES;
				COPY_PHASE_STRIP = YES;
				ENABLE_NS_ASSERTIONS = NO;
				GCC_C_LANGUAGE_STANDARD = gnu99;
				GCC_WARN_64_TO_32_BIT_CONVERSION = YES;
				GCC_WARN_ABOUT_RETURN_TYPE = YES_ERROR;
				GCC_WARN_UNDECLARED_SELECTOR = YES;
				GCC_WARN_UNINITIALIZED_AUTOS = YES;
				GCC_WARN_UNUSED_FUNCTION = YES;
				GCC_WARN_UNUSED_VARIABLE = YES;
				IPHONEOS_DEPLOYMENT_TARGET = 7.0;
				SDKROOT = iphoneos;
				VALIDATE_PRODUCT = YES;
			};
			name = Release;
		};
		142D305418AAFCE50072AC37 /* Debug */ = {
			isa = XCBuildConfiguration;
			buildSettings = {
				DSTROOT = /tmp/ESPMaskedTextField.dst;
				GCC_PRECOMPILE_PREFIX_HEADER = YES;
				GCC_PREFIX_HEADER = "ESPMaskedTextField/ESPMaskedTextField-Prefix.pch";
				OTHER_LDFLAGS = "-ObjC";
				PRODUCT_NAME = "$(TARGET_NAME)";
				SKIP_INSTALL = YES;
			};
			name = Debug;
		};
		142D305518AAFCE50072AC37 /* Release */ = {
			isa = XCBuildConfiguration;
			buildSettings = {
				DSTROOT = /tmp/ESPMaskedTextField.dst;
				GCC_PRECOMPILE_PREFIX_HEADER = YES;
				GCC_PREFIX_HEADER = "ESPMaskedTextField/ESPMaskedTextField-Prefix.pch";
				OTHER_LDFLAGS = "-ObjC";
				PRODUCT_NAME = "$(TARGET_NAME)";
				SKIP_INSTALL = YES;
			};
			name = Release;
		};
		142D305718AAFCE50072AC37 /* Debug */ = {
			isa = XCBuildConfiguration;
			buildSettings = {
				ARCHS = "$(ARCHS_STANDARD_INCLUDING_64_BIT)";
				FRAMEWORK_SEARCH_PATHS = (
					"$(SDKROOT)/Developer/Library/Frameworks",
					"$(inherited)",
					"$(DEVELOPER_FRAMEWORKS_DIR)",
				);
				GCC_PRECOMPILE_PREFIX_HEADER = YES;
				GCC_PREFIX_HEADER = "ESPMaskedTextField/ESPMaskedTextField-Prefix.pch";
				GCC_PREPROCESSOR_DEFINITIONS = (
					"DEBUG=1",
					"$(inherited)",
				);
				INFOPLIST_FILE = "ESPMaskedTextFieldTests/ESPMaskedTextFieldTests-Info.plist";
				PRODUCT_NAME = "$(TARGET_NAME)";
				WRAPPER_EXTENSION = xctest;
			};
			name = Debug;
		};
		142D305818AAFCE50072AC37 /* Release */ = {
			isa = XCBuildConfiguration;
			buildSettings = {
				ARCHS = "$(ARCHS_STANDARD_INCLUDING_64_BIT)";
				FRAMEWORK_SEARCH_PATHS = (
					"$(SDKROOT)/Developer/Library/Frameworks",
					"$(inherited)",
					"$(DEVELOPER_FRAMEWORKS_DIR)",
				);
				GCC_PRECOMPILE_PREFIX_HEADER = YES;
				GCC_PREFIX_HEADER = "ESPMaskedTextField/ESPMaskedTextField-Prefix.pch";
				INFOPLIST_FILE = "ESPMaskedTextFieldTests/ESPMaskedTextFieldTests-Info.plist";
				PRODUCT_NAME = "$(TARGET_NAME)";
				WRAPPER_EXTENSION = xctest;
			};
			name = Release;
		};
/* End XCBuildConfiguration section */

/* Begin XCConfigurationList section */
		142D302B18AAFCE50072AC37 /* Build configuration list for PBXProject "ESPMaskedTextField" */ = {
			isa = XCConfigurationList;
			buildConfigurations = (
				142D305118AAFCE50072AC37 /* Debug */,
				142D305218AAFCE50072AC37 /* Release */,
			);
			defaultConfigurationIsVisible = 0;
			defaultConfigurationName = Release;
		};
		142D305318AAFCE50072AC37 /* Build configuration list for PBXNativeTarget "ESPMaskedTextField" */ = {
			isa = XCConfigurationList;
			buildConfigurations = (
				142D305418AAFCE50072AC37 /* Debug */,
				142D305518AAFCE50072AC37 /* Release */,
			);
			defaultConfigurationIsVisible = 0;
		};
		142D305618AAFCE50072AC37 /* Build configuration list for PBXNativeTarget "ESPMaskedTextFieldTests" */ = {
			isa = XCConfigurationList;
			buildConfigurations = (
				142D305718AAFCE50072AC37 /* Debug */,
				142D305818AAFCE50072AC37 /* Release */,
			);
			defaultConfigurationIsVisible = 0;
		};
/* End XCConfigurationList section */
	};
	rootObject = 142D302818AAFCE50072AC37 /* Project object */;
}
